// !$*UTF8*$!
{
	archiveVersion = 1;
	classes = {
	};
	objectVersion = 55;
	objects = {

/* Begin PBXBuildFile section */
		D4320B302805A66A00E4A911 /* AppDelegate.swift in Sources */ = {isa = PBXBuildFile; fileRef = D4320B2F2805A66A00E4A911 /* AppDelegate.swift */; };
		D4320B322805A66A00E4A911 /* SceneDelegate.swift in Sources */ = {isa = PBXBuildFile; fileRef = D4320B312805A66A00E4A911 /* SceneDelegate.swift */; };
		D4320B372805A66A00E4A911 /* Main.storyboard in Resources */ = {isa = PBXBuildFile; fileRef = D4320B352805A66A00E4A911 /* Main.storyboard */; };
		D4320B392805A66D00E4A911 /* Assets.xcassets in Resources */ = {isa = PBXBuildFile; fileRef = D4320B382805A66D00E4A911 /* Assets.xcassets */; };
		D4320B3C2805A66D00E4A911 /* LaunchScreen.storyboard in Resources */ = {isa = PBXBuildFile; fileRef = D4320B3A2805A66D00E4A911 /* LaunchScreen.storyboard */; };
		D4320B442805A69E00E4A911 /* Person.swift in Sources */ = {isa = PBXBuildFile; fileRef = D4320B432805A69E00E4A911 /* Person.swift */; };
		D4320B462805A6B200E4A911 /* NetworkManager.swift in Sources */ = {isa = PBXBuildFile; fileRef = D4320B452805A6B200E4A911 /* NetworkManager.swift */; };
		D4320B482805A6C600E4A911 /* PersonListViewController.swift in Sources */ = {isa = PBXBuildFile; fileRef = D4320B472805A6C600E4A911 /* PersonListViewController.swift */; };
		D4320B4A2805A6D600E4A911 /* PersonListDetailsViewController.swift in Sources */ = {isa = PBXBuildFile; fileRef = D4320B492805A6D600E4A911 /* PersonListDetailsViewController.swift */; };
		D4320B532805BC0A00E4A911 /* Alamofire in Frameworks */ = {isa = PBXBuildFile; productRef = D4320B522805BC0A00E4A911 /* Alamofire */; };
		D488874628AD506A00B761AB /* AlamofireImage in Frameworks */ = {isa = PBXBuildFile; productRef = D488874528AD506A00B761AB /* AlamofireImage */; };
		D4CAF3D128ACFC9300D4B9D0 /* Alamofire in Frameworks */ = {isa = PBXBuildFile; productRef = D4CAF3D028ACFC9300D4B9D0 /* Alamofire */; };
/* End PBXBuildFile section */

/* Begin PBXFileReference section */
		D4320B2C2805A66A00E4A911 /* ContactListAlamofire.app */ = {isa = PBXFileReference; explicitFileType = wrapper.application; includeInIndex = 0; path = ContactListAlamofire.app; sourceTree = BUILT_PRODUCTS_DIR; };
		D4320B2F2805A66A00E4A911 /* AppDelegate.swift */ = {isa = PBXFileReference; lastKnownFileType = sourcecode.swift; path = AppDelegate.swift; sourceTree = "<group>"; };
		D4320B312805A66A00E4A911 /* SceneDelegate.swift */ = {isa = PBXFileReference; lastKnownFileType = sourcecode.swift; path = SceneDelegate.swift; sourceTree = "<group>"; };
		D4320B362805A66A00E4A911 /* Base */ = {isa = PBXFileReference; lastKnownFileType = file.storyboard; name = Base; path = Base.lproj/Main.storyboard; sourceTree = "<group>"; };
		D4320B382805A66D00E4A911 /* Assets.xcassets */ = {isa = PBXFileReference; lastKnownFileType = folder.assetcatalog; path = Assets.xcassets; sourceTree = "<group>"; };
		D4320B3B2805A66D00E4A911 /* Base */ = {isa = PBXFileReference; lastKnownFileType = file.storyboard; name = Base; path = Base.lproj/LaunchScreen.storyboard; sourceTree = "<group>"; };
		D4320B3D2805A66D00E4A911 /* Info.plist */ = {isa = PBXFileReference; lastKnownFileType = text.plist.xml; path = Info.plist; sourceTree = "<group>"; };
		D4320B432805A69E00E4A911 /* Person.swift */ = {isa = PBXFileReference; lastKnownFileType = sourcecode.swift; path = Person.swift; sourceTree = "<group>"; };
		D4320B452805A6B200E4A911 /* NetworkManager.swift */ = {isa = PBXFileReference; lastKnownFileType = sourcecode.swift; path = NetworkManager.swift; sourceTree = "<group>"; };
		D4320B472805A6C600E4A911 /* PersonListViewController.swift */ = {isa = PBXFileReference; lastKnownFileType = sourcecode.swift; path = PersonListViewController.swift; sourceTree = "<group>"; };
		D4320B492805A6D600E4A911 /* PersonListDetailsViewController.swift */ = {isa = PBXFileReference; lastKnownFileType = sourcecode.swift; path = PersonListDetailsViewController.swift; sourceTree = "<group>"; };
/* End PBXFileReference section */

/* Begin PBXFrameworksBuildPhase section */
		D4320B292805A66A00E4A911 /* Frameworks */ = {
			isa = PBXFrameworksBuildPhase;
			buildActionMask = 2147483647;
			files = (
				D4320B532805BC0A00E4A911 /* Alamofire in Frameworks */,
				D4CAF3D128ACFC9300D4B9D0 /* Alamofire in Frameworks */,
				D488874628AD506A00B761AB /* AlamofireImage in Frameworks */,
			);
			runOnlyForDeploymentPostprocessing = 0;
		};
/* End PBXFrameworksBuildPhase section */

/* Begin PBXGroup section */
		D4320B232805A66A00E4A911 = {
			isa = PBXGroup;
			children = (
				D4320B2E2805A66A00E4A911 /* ContactListAlamofire */,
				D4320B2D2805A66A00E4A911 /* Products */,
			);
			sourceTree = "<group>";
		};
		D4320B2D2805A66A00E4A911 /* Products */ = {
			isa = PBXGroup;
			children = (
				D4320B2C2805A66A00E4A911 /* ContactListAlamofire.app */,
			);
			name = Products;
			sourceTree = "<group>";
		};
		D4320B2E2805A66A00E4A911 /* ContactListAlamofire */ = {
			isa = PBXGroup;
			children = (
				D4320B4F2805A76800E4A911 /* Models */,
				D4320B4B2805A70E00E4A911 /* ViewController */,
				D4320B502805A77400E4A911 /* Services */,
				D4320B4C2805A71F00E4A911 /* Storyboards */,
				D4320B4D2805A72D00E4A911 /* Resources */,
				D4320B4E2805A73D00E4A911 /* App */,
			);
			path = ContactListAlamofire;
			sourceTree = "<group>";
		};
		D4320B4B2805A70E00E4A911 /* ViewController */ = {
			isa = PBXGroup;
			children = (
				D4320B472805A6C600E4A911 /* PersonListViewController.swift */,
				D4320B492805A6D600E4A911 /* PersonListDetailsViewController.swift */,
			);
			path = ViewController;
			sourceTree = "<group>";
		};
		D4320B4C2805A71F00E4A911 /* Storyboards */ = {
			isa = PBXGroup;
			children = (
				D4320B3A2805A66D00E4A911 /* LaunchScreen.storyboard */,
				D4320B352805A66A00E4A911 /* Main.storyboard */,
			);
			path = Storyboards;
			sourceTree = "<group>";
		};
		D4320B4D2805A72D00E4A911 /* Resources */ = {
			isa = PBXGroup;
			children = (
				D4320B382805A66D00E4A911 /* Assets.xcassets */,
			);
			path = Resources;
			sourceTree = "<group>";
		};
		D4320B4E2805A73D00E4A911 /* App */ = {
			isa = PBXGroup;
			children = (
				D4320B2F2805A66A00E4A911 /* AppDelegate.swift */,
				D4320B312805A66A00E4A911 /* SceneDelegate.swift */,
				D4320B3D2805A66D00E4A911 /* Info.plist */,
			);
			path = App;
			sourceTree = "<group>";
		};
		D4320B4F2805A76800E4A911 /* Models */ = {
			isa = PBXGroup;
			children = (
				D4320B432805A69E00E4A911 /* Person.swift */,
			);
			path = Models;
			sourceTree = "<group>";
		};
		D4320B502805A77400E4A911 /* Services */ = {
			isa = PBXGroup;
			children = (
				D4320B452805A6B200E4A911 /* NetworkManager.swift */,
			);
			path = Services;
			sourceTree = "<group>";
		};
/* End PBXGroup section */

/* Begin PBXNativeTarget section */
		D4320B2B2805A66A00E4A911 /* ContactListAlamofire */ = {
			isa = PBXNativeTarget;
			buildConfigurationList = D4320B402805A66D00E4A911 /* Build configuration list for PBXNativeTarget "ContactListAlamofire" */;
			buildPhases = (
				D4320B282805A66A00E4A911 /* Sources */,
				D4320B292805A66A00E4A911 /* Frameworks */,
				D4320B2A2805A66A00E4A911 /* Resources */,
			);
			buildRules = (
			);
			dependencies = (
			);
			name = ContactListAlamofire;
			packageProductDependencies = (
				D4320B522805BC0A00E4A911 /* Alamofire */,
				D4CAF3D028ACFC9300D4B9D0 /* Alamofire */,
				D488874528AD506A00B761AB /* AlamofireImage */,
			);
			productName = ContactListAlamofire;
			productReference = D4320B2C2805A66A00E4A911 /* ContactListAlamofire.app */;
			productType = "com.apple.product-type.application";
		};
/* End PBXNativeTarget section */

/* Begin PBXProject section */
		D4320B242805A66A00E4A911 /* Project object */ = {
			isa = PBXProject;
			attributes = {
				BuildIndependentTargetsInParallel = 1;
				LastSwiftUpdateCheck = 1330;
				LastUpgradeCheck = 1330;
				TargetAttributes = {
					D4320B2B2805A66A00E4A911 = {
						CreatedOnToolsVersion = 13.3;
					};
				};
			};
			buildConfigurationList = D4320B272805A66A00E4A911 /* Build configuration list for PBXProject "ContactListAlamofire" */;
			compatibilityVersion = "Xcode 13.0";
			developmentRegion = en;
			hasScannedForEncodings = 0;
			knownRegions = (
				en,
				Base,
			);
			mainGroup = D4320B232805A66A00E4A911;
			packageReferences = (
				D4320B512805BC0A00E4A911 /* XCRemoteSwiftPackageReference "Alamofire" */,
				D4CAF3CF28ACFC9300D4B9D0 /* XCRemoteSwiftPackageReference "Alamofire" */,
				D488874428AD506A00B761AB /* XCRemoteSwiftPackageReference "AlamofireImage" */,
			);
			productRefGroup = D4320B2D2805A66A00E4A911 /* Products */;
			projectDirPath = "";
			projectRoot = "";
			targets = (
				D4320B2B2805A66A00E4A911 /* ContactListAlamofire */,
			);
		};
/* End PBXProject section */

/* Begin PBXResourcesBuildPhase section */
		D4320B2A2805A66A00E4A911 /* Resources */ = {
			isa = PBXResourcesBuildPhase;
			buildActionMask = 2147483647;
			files = (
				D4320B3C2805A66D00E4A911 /* LaunchScreen.storyboard in Resources */,
				D4320B392805A66D00E4A911 /* Assets.xcassets in Resources */,
				D4320B372805A66A00E4A911 /* Main.storyboard in Resources */,
			);
			runOnlyForDeploymentPostprocessing = 0;
		};
/* End PBXResourcesBuildPhase section */

/* Begin PBXSourcesBuildPhase section */
		D4320B282805A66A00E4A911 /* Sources */ = {
			isa = PBXSourcesBuildPhase;
			buildActionMask = 2147483647;
			files = (
				D4320B302805A66A00E4A911 /* AppDelegate.swift in Sources */,
				D4320B462805A6B200E4A911 /* NetworkManager.swift in Sources */,
				D4320B482805A6C600E4A911 /* PersonListViewController.swift in Sources */,
				D4320B442805A69E00E4A911 /* Person.swift in Sources */,
				D4320B4A2805A6D600E4A911 /* PersonListDetailsViewController.swift in Sources */,
				D4320B322805A66A00E4A911 /* SceneDelegate.swift in Sources */,
			);
			runOnlyForDeploymentPostprocessing = 0;
		};
/* End PBXSourcesBuildPhase section */

/* Begin PBXVariantGroup section */
		D4320B352805A66A00E4A911 /* Main.storyboard */ = {
			isa = PBXVariantGroup;
			children = (
				D4320B362805A66A00E4A911 /* Base */,
			);
			name = Main.storyboard;
			sourceTree = "<group>";
		};
		D4320B3A2805A66D00E4A911 /* LaunchScreen.storyboard */ = {
			isa = PBXVariantGroup;
			children = (
				D4320B3B2805A66D00E4A911 /* Base */,
			);
			name = LaunchScreen.storyboard;
			sourceTree = "<group>";
		};
/* End PBXVariantGroup section */

/* Begin XCBuildConfiguration section */
		D4320B3E2805A66D00E4A911 /* Debug */ = {
			isa = XCBuildConfiguration;
			buildSettings = {
				ALWAYS_SEARCH_USER_PATHS = NO;
				CLANG_ANALYZER_NONNULL = YES;
				CLANG_ANALYZER_NUMBER_OBJECT_CONVERSION = YES_AGGRESSIVE;
				CLANG_CXX_LANGUAGE_STANDARD = "gnu++17";
				CLANG_ENABLE_MODULES = YES;
				CLANG_ENABLE_OBJC_ARC = YES;
				CLANG_ENABLE_OBJC_WEAK = YES;
				CLANG_WARN_BLOCK_CAPTURE_AUTORELEASING = YES;
				CLANG_WARN_BOOL_CONVERSION = YES;
				CLANG_WARN_COMMA = YES;
				CLANG_WARN_CONSTANT_CONVERSION = YES;
				CLANG_WARN_DEPRECATED_OBJC_IMPLEMENTATIONS = YES;
				CLANG_WARN_DIRECT_OBJC_ISA_USAGE = YES_ERROR;
				CLANG_WARN_DOCUMENTATION_COMMENTS = YES;
				CLANG_WARN_EMPTY_BODY = YES;
				CLANG_WARN_ENUM_CONVERSION = YES;
				CLANG_WARN_INFINITE_RECURSION = YES;
				CLANG_WARN_INT_CONVERSION = YES;
				CLANG_WARN_NON_LITERAL_NULL_CONVERSION = YES;
				CLANG_WARN_OBJC_IMPLICIT_RETAIN_SELF = YES;
				CLANG_WARN_OBJC_LITERAL_CONVERSION = YES;
				CLANG_WARN_OBJC_ROOT_CLASS = YES_ERROR;
				CLANG_WARN_QUOTED_INCLUDE_IN_FRAMEWORK_HEADER = YES;
				CLANG_WARN_RANGE_LOOP_ANALYSIS = YES;
				CLANG_WARN_STRICT_PROTOTYPES = YES;
				CLANG_WARN_SUSPICIOUS_MOVE = YES;
				CLANG_WARN_UNGUARDED_AVAILABILITY = YES_AGGRESSIVE;
				CLANG_WARN_UNREACHABLE_CODE = YES;
				CLANG_WARN__DUPLICATE_METHOD_MATCH = YES;
				COPY_PHASE_STRIP = NO;
				DEBUG_INFORMATION_FORMAT = dwarf;
				ENABLE_STRICT_OBJC_MSGSEND = YES;
				ENABLE_TESTABILITY = YES;
				GCC_C_LANGUAGE_STANDARD = gnu11;
				GCC_DYNAMIC_NO_PIC = NO;
				GCC_NO_COMMON_BLOCKS = YES;
				GCC_OPTIMIZATION_LEVEL = 0;
				GCC_PREPROCESSOR_DEFINITIONS = (
					"DEBUG=1",
					"$(inherited)",
				);
				GCC_WARN_64_TO_32_BIT_CONVERSION = YES;
				GCC_WARN_ABOUT_RETURN_TYPE = YES_ERROR;
				GCC_WARN_UNDECLARED_SELECTOR = YES;
				GCC_WARN_UNINITIALIZED_AUTOS = YES_AGGRESSIVE;
				GCC_WARN_UNUSED_FUNCTION = YES;
				GCC_WARN_UNUSED_VARIABLE = YES;
				IPHONEOS_DEPLOYMENT_TARGET = 15.4;
				MTL_ENABLE_DEBUG_INFO = INCLUDE_SOURCE;
				MTL_FAST_MATH = YES;
				ONLY_ACTIVE_ARCH = YES;
				SDKROOT = iphoneos;
				SWIFT_ACTIVE_COMPILATION_CONDITIONS = DEBUG;
				SWIFT_OPTIMIZATION_LEVEL = "-Onone";
			};
			name = Debug;
		};
		D4320B3F2805A66D00E4A911 /* Release */ = {
			isa = XCBuildConfiguration;
			buildSettings = {
				ALWAYS_SEARCH_USER_PATHS = NO;
				CLANG_ANALYZER_NONNULL = YES;
				CLANG_ANALYZER_NUMBER_OBJECT_CONVERSION = YES_AGGRESSIVE;
				CLANG_CXX_LANGUAGE_STANDARD = "gnu++17";
				CLANG_ENABLE_MODULES = YES;
				CLANG_ENABLE_OBJC_ARC = YES;
				CLANG_ENABLE_OBJC_WEAK = YES;
				CLANG_WARN_BLOCK_CAPTURE_AUTORELEASING = YES;
				CLANG_WARN_BOOL_CONVERSION = YES;
				CLANG_WARN_COMMA = YES;
				CLANG_WARN_CONSTANT_CONVERSION = YES;
				CLANG_WARN_DEPRECATED_OBJC_IMPLEMENTATIONS = YES;
				CLANG_WARN_DIRECT_OBJC_ISA_USAGE = YES_ERROR;
				CLANG_WARN_DOCUMENTATION_COMMENTS = YES;
				CLANG_WARN_EMPTY_BODY = YES;
				CLANG_WARN_ENUM_CONVERSION = YES;
				CLANG_WARN_INFINITE_RECURSION = YES;
				CLANG_WARN_INT_CONVERSION = YES;
				CLANG_WARN_NON_LITERAL_NULL_CONVERSION = YES;
				CLANG_WARN_OBJC_IMPLICIT_RETAIN_SELF = YES;
				CLANG_WARN_OBJC_LITERAL_CONVERSION = YES;
				CLANG_WARN_OBJC_ROOT_CLASS = YES_ERROR;
				CLANG_WARN_QUOTED_INCLUDE_IN_FRAMEWORK_HEADER = YES;
				CLANG_WARN_RANGE_LOOP_ANALYSIS = YES;
				CLANG_WARN_STRICT_PROTOTYPES = YES;
				CLANG_WARN_SUSPICIOUS_MOVE = YES;
				CLANG_WARN_UNGUARDED_AVAILABILITY = YES_AGGRESSIVE;
				CLANG_WARN_UNREACHABLE_CODE = YES;
				CLANG_WARN__DUPLICATE_METHOD_MATCH = YES;
				COPY_PHASE_STRIP = NO;
				DEBUG_INFORMATION_FORMAT = "dwarf-with-dsym";
				ENABLE_NS_ASSERTIONS = NO;
				ENABLE_STRICT_OBJC_MSGSEND = YES;
				GCC_C_LANGUAGE_STANDARD = gnu11;
				GCC_NO_COMMON_BLOCKS = YES;
				GCC_WARN_64_TO_32_BIT_CONVERSION = YES;
				GCC_WARN_ABOUT_RETURN_TYPE = YES_ERROR;
				GCC_WARN_UNDECLARED_SELECTOR = YES;
				GCC_WARN_UNINITIALIZED_AUTOS = YES_AGGRESSIVE;
				GCC_WARN_UNUSED_FUNCTION = YES;
				GCC_WARN_UNUSED_VARIABLE = YES;
				IPHONEOS_DEPLOYMENT_TARGET = 15.4;
				MTL_ENABLE_DEBUG_INFO = NO;
				MTL_FAST_MATH = YES;
				SDKROOT = iphoneos;
				SWIFT_COMPILATION_MODE = wholemodule;
				SWIFT_OPTIMIZATION_LEVEL = "-O";
				VALIDATE_PRODUCT = YES;
			};
			name = Release;
		};
		D4320B412805A66D00E4A911 /* Debug */ = {
			isa = XCBuildConfiguration;
			buildSettings = {
				ASSETCATALOG_COMPILER_APPICON_NAME = AppIcon;
				ASSETCATALOG_COMPILER_GLOBAL_ACCENT_COLOR_NAME = AccentColor;
				CODE_SIGN_STYLE = Automatic;
				CURRENT_PROJECT_VERSION = 1;
				DEVELOPMENT_TEAM = VWJHPQLGW8;
				GENERATE_INFOPLIST_FILE = YES;
				INFOPLIST_FILE = ContactListAlamofire/App/Info.plist;
				INFOPLIST_KEY_UIApplicationSupportsIndirectInputEvents = YES;
				INFOPLIST_KEY_UILaunchStoryboardName = LaunchScreen;
				INFOPLIST_KEY_UIMainStoryboardFile = Main;
				INFOPLIST_KEY_UISupportedInterfaceOrientations_iPad = "UIInterfaceOrientationPortrait UIInterfaceOrientationPortraitUpsideDown UIInterfaceOrientationLandscapeLeft UIInterfaceOrientationLandscapeRight";
				INFOPLIST_KEY_UISupportedInterfaceOrientations_iPhone = "UIInterfaceOrientationPortrait UIInterfaceOrientationLandscapeLeft UIInterfaceOrientationLandscapeRight";
				LD_RUNPATH_SEARCH_PATHS = (
					"$(inherited)",
					"@executable_path/Frameworks",
				);
				MARKETING_VERSION = 1.0;
				PRODUCT_BUNDLE_IDENTIFIER = AleksandrF..ContactListAlamofire;
				PRODUCT_NAME = "$(TARGET_NAME)";
				SWIFT_EMIT_LOC_STRINGS = YES;
				SWIFT_VERSION = 5.0;
				TARGETED_DEVICE_FAMILY = "1,2";
			};
			name = Debug;
		};
		D4320B422805A66D00E4A911 /* Release */ = {
			isa = XCBuildConfiguration;
			buildSettings = {
				ASSETCATALOG_COMPILER_APPICON_NAME = AppIcon;
				ASSETCATALOG_COMPILER_GLOBAL_ACCENT_COLOR_NAME = AccentColor;
				CODE_SIGN_STYLE = Automatic;
				CURRENT_PROJECT_VERSION = 1;
				DEVELOPMENT_TEAM = VWJHPQLGW8;
				GENERATE_INFOPLIST_FILE = YES;
				INFOPLIST_FILE = ContactListAlamofire/App/Info.plist;
				INFOPLIST_KEY_UIApplicationSupportsIndirectInputEvents = YES;
				INFOPLIST_KEY_UILaunchStoryboardName = LaunchScreen;
				INFOPLIST_KEY_UIMainStoryboardFile = Main;
				INFOPLIST_KEY_UISupportedInterfaceOrientations_iPad = "UIInterfaceOrientationPortrait UIInterfaceOrientationPortraitUpsideDown UIInterfaceOrientationLandscapeLeft UIInterfaceOrientationLandscapeRight";
				INFOPLIST_KEY_UISupportedInterfaceOrientations_iPhone = "UIInterfaceOrientationPortrait UIInterfaceOrientationLandscapeLeft UIInterfaceOrientationLandscapeRight";
				LD_RUNPATH_SEARCH_PATHS = (
					"$(inherited)",
					"@executable_path/Frameworks",
				);
				MARKETING_VERSION = 1.0;
				PRODUCT_BUNDLE_IDENTIFIER = AleksandrF..ContactListAlamofire;
				PRODUCT_NAME = "$(TARGET_NAME)";
				SWIFT_EMIT_LOC_STRINGS = YES;
				SWIFT_VERSION = 5.0;
				TARGETED_DEVICE_FAMILY = "1,2";
			};
			name = Release;
		};
/* End XCBuildConfiguration section */

/* Begin XCConfigurationList section */
		D4320B272805A66A00E4A911 /* Build configuration list for PBXProject "ContactListAlamofire" */ = {
			isa = XCConfigurationList;
			buildConfigurations = (
				D4320B3E2805A66D00E4A911 /* Debug */,
				D4320B3F2805A66D00E4A911 /* Release */,
			);
			defaultConfigurationIsVisible = 0;
			defaultConfigurationName = Release;
		};
		D4320B402805A66D00E4A911 /* Build configuration list for PBXNativeTarget "ContactListAlamofire" */ = {
			isa = XCConfigurationList;
			buildConfigurations = (
				D4320B412805A66D00E4A911 /* Debug */,
				D4320B422805A66D00E4A911 /* Release */,
			);
			defaultConfigurationIsVisible = 0;
			defaultConfigurationName = Release;
		};
/* End XCConfigurationList section */

/* Begin XCRemoteSwiftPackageReference section */
		D4320B512805BC0A00E4A911 /* XCRemoteSwiftPackageReference "Alamofire" */ = {
			isa = XCRemoteSwiftPackageReference;
			repositoryURL = "https://github.com/Alamofire/Alamofire.git";
			requirement = {
				kind = upToNextMajorVersion;
				minimumVersion = 5.5.0;
			};
		};
		D488874428AD506A00B761AB /* XCRemoteSwiftPackageReference "AlamofireImage" */ = {
			isa = XCRemoteSwiftPackageReference;
			repositoryURL = "https://github.com/Alamofire/AlamofireImage.git";
			requirement = {
				branch = master;
				kind = branch;
			};
		};
		D4CAF3CF28ACFC9300D4B9D0 /* XCRemoteSwiftPackageReference "Alamofire" */ = {
			isa = XCRemoteSwiftPackageReference;
			repositoryURL = "https://github.com/Alamofire/Alamofire.git";
			requirement = {
				branch = master;
				kind = branch;
			};
		};
/* End XCRemoteSwiftPackageReference section */

/* Begin XCSwiftPackageProductDependency section */
		D4320B522805BC0A00E4A911 /* Alamofire */ = {
			isa = XCSwiftPackageProductDependency;
			package = D4320B512805BC0A00E4A911 /* XCRemoteSwiftPackageReference "Alamofire" */;
			productName = Alamofire;
		};
		D488874528AD506A00B761AB /* AlamofireImage */ = {
			isa = XCSwiftPackageProductDependency;
			package = D488874428AD506A00B761AB /* XCRemoteSwiftPackageReference "AlamofireImage" */;
			productName = AlamofireImage;
		};
		D4CAF3D028ACFC9300D4B9D0 /* Alamofire */ = {
			isa = XCSwiftPackageProductDependency;
			package = D4CAF3CF28ACFC9300D4B9D0 /* XCRemoteSwiftPackageReference "Alamofire" */;
			productName = Alamofire;
		};
/* End XCSwiftPackageProductDependency section */
	};
	rootObject = D4320B242805A66A00E4A911 /* Project object */;
}
